
Microsoft Visual Studio Solution File, Format Version 12.00
# Visual Studio Version 16
VisualStudioVersion = 16.0.31402.337
MinimumVisualStudioVersion = 10.0.40219.1
Project("{FAE04EC0-301F-11D3-BF4B-00C04F79EFBC}") = "Asp", "Asp\Asp.csproj", "{3E0CF637-67E5-4107-BD45-1353051902A4}"
EndProject
Global
	GlobalSection(SolutionConfigurationPlatforms) = preSolution
		Debug|Any CPU = Debug|Any CPU
		Release|Any CPU = Release|Any CPU
	EndGlobalSection
	GlobalSection(ProjectConfigurationPlatforms) = postSolution
		{3E0CF637-67E5-4107-BD45-1353051902A4}.Debug|Any CPU.ActiveCfg = Debug|Any CPU
		{3E0CF637-67E5-4107-BD45-1353051902A4}.Debug|Any CPU.Build.0 = Debug|Any CPU
		{3E0CF637-67E5-4107-BD45-1353051902A4}.Release|Any CPU.ActiveCfg = Release|Any CPU
		{3E0CF637-67E5-4107-BD45-1353051902A4}.Release|Any CPU.Build.0 = Release|Any CPU
	EndGlobalSection
	GlobalSection(SolutionProperties) = preSolution
		HideSolutionNode = FALSE
	EndGlobalSection
	GlobalSection(ExtensibilityGlobals) = postSolution
		SolutionGuid = {C99B2C13-960C-40D6-AAED-6134F58E40BD}
	EndGlobalSection
EndGlobal
